{
  "lockfile_version": "1",
  "packages": {
    "binutils@latest": {
      "last_modified": "2025-12-31T03:27:36Z",
      "resolved": "github:NixOS/nixpkgs/f665af0cdb70ed27e1bd8f9fdfecaf451260fc55#binutils",
      "source": "devbox-search",
      "version": "2.44",
      "systems": {
        "aarch64-darwin": {
          "outputs": [
            {
              "name": "out",
              "path": "/nix/store/9ghqwj1xb5pvjs17c8cwnfs20a31y98p-binutils-wrapper-2.44",
              "default": true
            },
            {
              "name": "man",
              "path": "/nix/store/dam5ykcbhm9sn3x3wifnlsp83rj9j0l5-binutils-wrapper-2.44-man",
              "default": true
            },
            {
              "name": "info",
              "path": "/nix/store/z30vrx7krj2ca573njnhy2406909vdz3-binutils-wrapper-2.44-info"
            }
          ],
          "store_path": "/nix/store/9ghqwj1xb5pvjs17c8cwnfs20a31y98p-binutils-wrapper-2.44"
        },
        "aarch64-linux": {
          "outputs": [
            {
              "name": "out",
              "path": "/nix/store/2lhdrjxy65h7fl184q4751lgqzhqrsa2-binutils-wrapper-2.44",
              "default": true
            },
            {
              "name": "man",
              "path": "/nix/store/f6qb3075zpdgiww4sz3hpvvqzs4ywk9i-binutils-wrapper-2.44-man",
              "default": true
            },
            {
              "name": "info",
              "path": "/nix/store/rak1fvvxjsz81181krvbvymgff7nax6q-binutils-wrapper-2.44-info"
            }
          ],
          "store_path": "/nix/store/2lhdrjxy65h7fl184q4751lgqzhqrsa2-binutils-wrapper-2.44"
        },
        "x86_64-darwin": {
          "outputs": [
            {
              "name": "out",
              "path": "/nix/store/10sxj3c0hsh1xh4abnaybxvz8zhpgjig-binutils-wrapper-2.44",
              "default": true
            },
            {
              "name": "man",
              "path": "/nix/store/nvqam3h1fphgf2zhwc1l891vca0xs6sl-binutils-wrapper-2.44-man",
              "default": true
            },
            {
              "name": "info",
              "path": "/nix/store/2jwv06a2k813salmjsbnfn9b3i0ya7q7-binutils-wrapper-2.44-info"
            }
          ],
          "store_path": "/nix/store/10sxj3c0hsh1xh4abnaybxvz8zhpgjig-binutils-wrapper-2.44"
        },
        "x86_64-linux": {
          "outputs": [
            {
              "name": "out",
              "path": "/nix/store/dwiyp91lmxq864plaas14jm14m87sg3f-binutils-wrapper-2.44",
              "default": true
            },
            {
              "name": "man",
              "path": "/nix/store/fd98hmsdhwb19s9q61r86dxvdf9bn05g-binutils-wrapper-2.44-man",
              "default": true
            },
            {
              "name": "info",
              "path": "/nix/store/k481dd1fsw53vmf4sf6mnnd2vni5a545-binutils-wrapper-2.44-info"
            }
          ],
          "store_path": "/nix/store/dwiyp91lmxq864plaas14jm14m87sg3f-binutils-wrapper-2.44"
        }
      }
    },
    "github:NixOS/nixpkgs/nixpkgs-unstable": {
      "last_modified": "2026-01-16T13:18:18Z",
      "resolved": "github:NixOS/nixpkgs/be5afa0fcb31f0a96bf9ecba05a516c66fcd8114?lastModified=1768569498"
    },
    "jdk@22": {
      "last_modified": "2024-06-12T20:55:33Z",
      "resolved": "github:NixOS/nixpkgs/a9858885e197f984d92d7fe64e9fff6b2e488d40#jdk22",
      "source": "devbox-search",
      "version": "22-ga",
      "systems": {
        "aarch64-linux": {
          "outputs": [
            {
              "name": "out",
              "path": "/nix/store/axzs3dcjxf4xb5r4rh0j08nmya00vbwz-openjdk-22-ga",
              "default": true
            },
            {
              "name": "debug",
              "path": "/nix/store/3z268s0kxln2h03fcp9kc063mp2vx5ib-openjdk-22-ga-debug"
            }
          ],
          "store_path": "/nix/store/axzs3dcjxf4xb5r4rh0j08nmya00vbwz-openjdk-22-ga"
        },
        "x86_64-linux": {
          "outputs": [
            {
              "name": "out",
              "path": "/nix/store/kls4wg8vhm452miqppmsmwc9gbfdsvis-openjdk-22-ga",
              "default": true
            },
            {
              "name": "debug",
              "path": "/nix/store/s0mgmqgdra3lh0gbpcljhxrsz5vxpksj-openjdk-22-ga-debug"
            }
          ],
          "store_path": "/nix/store/kls4wg8vhm452miqppmsmwc9gbfdsvis-openjdk-22-ga"
        }
      }
    },
    "maven@latest": {
      "last_modified": "2025-12-31T03:27:36Z",
      "resolved": "github:NixOS/nixpkgs/f665af0cdb70ed27e1bd8f9fdfecaf451260fc55#maven",
      "source": "devbox-search",
      "version": "3.9.12",
      "systems": {
        "aarch64-darwin": {
          "outputs": [
            {
              "name": "out",
              "path": "/nix/store/z706acy67c98mfvqhhbqcca6kx3fmqgi-maven-3.9.12",
              "default": true
            }
          ],
          "store_path": "/nix/store/z706acy67c98mfvqhhbqcca6kx3fmqgi-maven-3.9.12"
        },
        "aarch64-linux": {
          "outputs": [
            {
              "name": "out",
              "path": "/nix/store/7nq9881fn9ilqz2sgihkg2lwm9hwbwln-maven-3.9.12",
              "default": true
            }
          ],
          "store_path": "/nix/store/7nq9881fn9ilqz2sgihkg2lwm9hwbwln-maven-3.9.12"
        },
        "x86_64-darwin": {
          "outputs": [
            {
              "name": "out",
              "path": "/nix/store/rm6n9hkfw22nczsc482wwiyw4mi5fxf1-maven-3.9.12",
              "default": true
            }
          ],
          "store_path": "/nix/store/rm6n9hkfw22nczsc482wwiyw4mi5fxf1-maven-3.9.12"
        },
        "x86_64-linux": {
          "outputs": [
            {
              "name": "out",
              "path": "/nix/store/8d2k4qnn4gn7gkmx516j11xgj3insf8f-maven-3.9.12",
              "default": true
            }
          ],
          "store_path": "/nix/store/8d2k4qnn4gn7gkmx516j11xgj3insf8f-maven-3.9.12"
        }
      }
    },
    "process-compose@latest": {
      "last_modified": "2026-01-09T13:41:53Z",
      "resolved": "github:NixOS/nixpkgs/5f02c91314c8ba4afe83b256b023756412218535#process-compose",
      "source": "devbox-search",
      "version": "1.87.0",
      "systems": {
        "aarch64-darwin": {
          "outputs": [
            {
              "name": "out",
              "path": "/nix/store/yj2qa0ihrfzzl72y5cdpql78f4h2hr7c-process-compose-1.87.0",
              "default": true
            }
          ],
          "store_path": "/nix/store/yj2qa0ihrfzzl72y5cdpql78f4h2hr7c-process-compose-1.87.0"
        },
        "aarch64-linux": {
          "outputs": [
            {
              "name": "out",
              "path": "/nix/store/dkinqcq89rv5abwzk62gz0w9r5prcbv4-process-compose-1.87.0",
              "default": true
            }
          ],
          "store_path": "/nix/store/dkinqcq89rv5abwzk62gz0w9r5prcbv4-process-compose-1.87.0"
        },
        "x86_64-darwin": {
          "outputs": [
            {
              "name": "out",
              "path": "/nix/store/g8j1m4xvi0yzsffv1dwcnj40495xl8pj-process-compose-1.87.0",
              "default": true
            }
          ],
          "store_path": "/nix/store/g8j1m4xvi0yzsffv1dwcnj40495xl8pj-process-compose-1.87.0"
        },
        "x86_64-linux": {
          "outputs": [
            {
              "name": "out",
              "path": "/nix/store/m16s2sl2ps18y4dkhx056jckri4zfbl1-process-compose-1.87.0",
              "default": true
            }
          ],
          "store_path": "/nix/store/m16s2sl2ps18y4dkhx056jckri4zfbl1-process-compose-1.87.0"
        }
      }
    }
  }
}
